
Microsoft Visual Studio Solution File, Format Version 12.00
# Visual Studio Version 16
VisualStudioVersion = 16.0.31019.35
MinimumVisualStudioVersion = 10.0.40219.1
Project("{FAE04EC0-301F-11D3-BF4B-00C04F79EFBC}") = "3LD", "3LD.csproj", "{2C8EB1B5-28A0-49A7-887D-E8BD72894400}"
EndProject
Global
	GlobalSection(SolutionConfigurationPlatforms) = preSolution
		Debug|Any CPU = Debug|Any CPU
		Release|Any CPU = Release|Any CPU
	EndGlobalSection
	GlobalSection(ProjectConfigurationPlatforms) = postSolution
		{2C8EB1B5-28A0-49A7-887D-E8BD72894400}.Debug|Any CPU.ActiveCfg = Debug|Any CPU
		{2C8EB1B5-28A0-49A7-887D-E8BD72894400}.Debug|Any CPU.Build.0 = Debug|Any CPU
		{2C8EB1B5-28A0-49A7-887D-E8BD72894400}.Release|Any CPU.ActiveCfg = Release|Any CPU
		{2C8EB1B5-28A0-49A7-887D-E8BD72894400}.Release|Any CPU.Build.0 = Release|Any CPU
	EndGlobalSection
	GlobalSection(SolutionProperties) = preSolution
		HideSolutionNode = FALSE
	EndGlobalSection
	GlobalSection(ExtensibilityGlobals) = postSolution
		SolutionGuid = {615088DF-F50E-4B5B-BA43-C0DE42B1072E}
	EndGlobalSection
EndGlobal
